
Microsoft Visual Studio Solution File, Format Version 12.00
# Visual Studio Version 17
VisualStudioVersion = 17.8.34330.188
MinimumVisualStudioVersion = 10.0.40219.1
Project("{9A19103F-16F7-4668-BE54-9A1E7A4F7556}") = "WebAPIEventos", "WebAPIEventos\WebAPIEventos.csproj", "{485A0503-D164-45C9-BD5B-7FC363144849}"
EndProject
Global
	GlobalSection(SolutionConfigurationPlatforms) = preSolution
		Debug|Any CPU = Debug|Any CPU
		Release|Any CPU = Release|Any CPU
	EndGlobalSection
	GlobalSection(ProjectConfigurationPlatforms) = postSolution
		{485A0503-D164-45C9-BD5B-7FC363144849}.Debug|Any CPU.ActiveCfg = Debug|Any CPU
		{485A0503-D164-45C9-BD5B-7FC363144849}.Debug|Any CPU.Build.0 = Debug|Any CPU
		{485A0503-D164-45C9-BD5B-7FC363144849}.Release|Any CPU.ActiveCfg = Release|Any CPU
		{485A0503-D164-45C9-BD5B-7FC363144849}.Release|Any CPU.Build.0 = Release|Any CPU
	EndGlobalSection
	GlobalSection(SolutionProperties) = preSolution
		HideSolutionNode = FALSE
	EndGlobalSection
	GlobalSection(ExtensibilityGlobals) = postSolution
		SolutionGuid = {338B7CCD-A276-4C2A-AD9F-6E44F42DB876}
	EndGlobalSection
EndGlobal
